// !$*UTF8*$!
{
	archiveVersion = 1;
	classes = {
	};
	objectVersion = 56;
	objects = {

/* Begin PBXBuildFile section */
		7D369F5B2937605A00FD8484 /* MyMeteoApp.swift in Sources */ = {isa = PBXBuildFile; fileRef = 7D369F5A2937605A00FD8484 /* MyMeteoApp.swift */; };
		7D369F5D2937605A00FD8484 /* ContentView.swift in Sources */ = {isa = PBXBuildFile; fileRef = 7D369F5C2937605A00FD8484 /* ContentView.swift */; };
		7D369F5F2937605B00FD8484 /* Assets.xcassets in Resources */ = {isa = PBXBuildFile; fileRef = 7D369F5E2937605B00FD8484 /* Assets.xcassets */; };
		7D369F622937605B00FD8484 /* Preview Assets.xcassets in Resources */ = {isa = PBXBuildFile; fileRef = 7D369F612937605B00FD8484 /* Preview Assets.xcassets */; };
		7D369F6C2937652000FD8484 /* Weather.swift in Sources */ = {isa = PBXBuildFile; fileRef = 7D369F6B2937652000FD8484 /* Weather.swift */; };
		7D369F6F293765C500FD8484 /* WeatherService.swift in Sources */ = {isa = PBXBuildFile; fileRef = 7D369F6E293765C500FD8484 /* WeatherService.swift */; };
		7D369F7229378FFE00FD8484 /* WeatherViewModel.swift in Sources */ = {isa = PBXBuildFile; fileRef = 7D369F7129378FFE00FD8484 /* WeatherViewModel.swift */; };
		7D369F74293A33E400FD8484 /* WeatherErrorType.swift in Sources */ = {isa = PBXBuildFile; fileRef = 7D369F73293A33E400FD8484 /* WeatherErrorType.swift */; };
		7D369F76293A359000FD8484 /* WeatherError.swift in Sources */ = {isa = PBXBuildFile; fileRef = 7D369F75293A359000FD8484 /* WeatherError.swift */; };
		7D369F78293A38FC00FD8484 /* WeatherViewState.swift in Sources */ = {isa = PBXBuildFile; fileRef = 7D369F77293A38FC00FD8484 /* WeatherViewState.swift */; };
/* End PBXBuildFile section */

/* Begin PBXFileReference section */
		7D369F572937605A00FD8484 /* MyMeteo.app */ = {isa = PBXFileReference; explicitFileType = wrapper.application; includeInIndex = 0; path = MyMeteo.app; sourceTree = BUILT_PRODUCTS_DIR; };
		7D369F5A2937605A00FD8484 /* MyMeteoApp.swift */ = {isa = PBXFileReference; lastKnownFileType = sourcecode.swift; path = MyMeteoApp.swift; sourceTree = "<group>"; };
		7D369F5C2937605A00FD8484 /* ContentView.swift */ = {isa = PBXFileReference; lastKnownFileType = sourcecode.swift; path = ContentView.swift; sourceTree = "<group>"; };
		7D369F5E2937605B00FD8484 /* Assets.xcassets */ = {isa = PBXFileReference; lastKnownFileType = folder.assetcatalog; path = Assets.xcassets; sourceTree = "<group>"; };
		7D369F612937605B00FD8484 /* Preview Assets.xcassets */ = {isa = PBXFileReference; lastKnownFileType = folder.assetcatalog; path = "Preview Assets.xcassets"; sourceTree = "<group>"; };
		7D369F6B2937652000FD8484 /* Weather.swift */ = {isa = PBXFileReference; lastKnownFileType = sourcecode.swift; path = Weather.swift; sourceTree = "<group>"; };
		7D369F6E293765C500FD8484 /* WeatherService.swift */ = {isa = PBXFileReference; lastKnownFileType = sourcecode.swift; path = WeatherService.swift; sourceTree = "<group>"; };
		7D369F7129378FFE00FD8484 /* WeatherViewModel.swift */ = {isa = PBXFileReference; lastKnownFileType = sourcecode.swift; path = WeatherViewModel.swift; sourceTree = "<group>"; };
		7D369F73293A33E400FD8484 /* WeatherErrorType.swift */ = {isa = PBXFileReference; lastKnownFileType = sourcecode.swift; path = WeatherErrorType.swift; sourceTree = "<group>"; };
		7D369F75293A359000FD8484 /* WeatherError.swift */ = {isa = PBXFileReference; lastKnownFileType = sourcecode.swift; path = WeatherError.swift; sourceTree = "<group>"; };
		7D369F77293A38FC00FD8484 /* WeatherViewState.swift */ = {isa = PBXFileReference; lastKnownFileType = sourcecode.swift; path = WeatherViewState.swift; sourceTree = "<group>"; };
/* End PBXFileReference section */

/* Begin PBXFrameworksBuildPhase section */
		7D369F542937605A00FD8484 /* Frameworks */ = {
			isa = PBXFrameworksBuildPhase;
			buildActionMask = 2147483647;
			files = (
			);
			runOnlyForDeploymentPostprocessing = 0;
		};
/* End PBXFrameworksBuildPhase section */

/* Begin PBXGroup section */
		7D369F4E2937605A00FD8484 = {
			isa = PBXGroup;
			children = (
				7D369F592937605A00FD8484 /* MyMeteo */,
				7D369F582937605A00FD8484 /* Products */,
			);
			sourceTree = "<group>";
		};
		7D369F582937605A00FD8484 /* Products */ = {
			isa = PBXGroup;
			children = (
				7D369F572937605A00FD8484 /* MyMeteo.app */,
			);
			name = Products;
			sourceTree = "<group>";
		};
		7D369F592937605A00FD8484 /* MyMeteo */ = {
			isa = PBXGroup;
			children = (
				7D369F5A2937605A00FD8484 /* MyMeteoApp.swift */,
				7D369F6D293765B600FD8484 /* Services */,
				7D369F68293760C900FD8484 /* Models */,
				7D369F69293760E500FD8484 /* Views */,
				7D369F6A293760F100FD8484 /* ViewModels */,
				7D369F5E2937605B00FD8484 /* Assets.xcassets */,
				7D369F602937605B00FD8484 /* Preview Content */,
			);
			path = MyMeteo;
			sourceTree = "<group>";
		};
		7D369F602937605B00FD8484 /* Preview Content */ = {
			isa = PBXGroup;
			children = (
				7D369F612937605B00FD8484 /* Preview Assets.xcassets */,
			);
			path = "Preview Content";
			sourceTree = "<group>";
		};
		7D369F68293760C900FD8484 /* Models */ = {
			isa = PBXGroup;
			children = (
				7D369F6B2937652000FD8484 /* Weather.swift */,
				7D369F73293A33E400FD8484 /* WeatherErrorType.swift */,
			);
			path = Models;
			sourceTree = "<group>";
		};
		7D369F69293760E500FD8484 /* Views */ = {
			isa = PBXGroup;
			children = (
				7D369F5C2937605A00FD8484 /* ContentView.swift */,
			);
			path = Views;
			sourceTree = "<group>";
		};
		7D369F6A293760F100FD8484 /* ViewModels */ = {
			isa = PBXGroup;
			children = (
				7D369F7129378FFE00FD8484 /* WeatherViewModel.swift */,
				7D369F77293A38FC00FD8484 /* WeatherViewState.swift */,
			);
			path = ViewModels;
			sourceTree = "<group>";
		};
		7D369F6D293765B600FD8484 /* Services */ = {
			isa = PBXGroup;
			children = (
				7D369F6E293765C500FD8484 /* WeatherService.swift */,
				7D369F75293A359000FD8484 /* WeatherError.swift */,
			);
			path = Services;
			sourceTree = "<group>";
		};
/* End PBXGroup section */

/* Begin PBXNativeTarget section */
		7D369F562937605A00FD8484 /* MyMeteo */ = {
			isa = PBXNativeTarget;
			buildConfigurationList = 7D369F652937605B00FD8484 /* Build configuration list for PBXNativeTarget "MyMeteo" */;
			buildPhases = (
				7D369F532937605A00FD8484 /* Sources */,
				7D369F542937605A00FD8484 /* Frameworks */,
				7D369F552937605A00FD8484 /* Resources */,
			);
			buildRules = (
			);
			dependencies = (
			);
			name = MyMeteo;
			productName = MyMeteo;
			productReference = 7D369F572937605A00FD8484 /* MyMeteo.app */;
			productType = "com.apple.product-type.application";
		};
/* End PBXNativeTarget section */

/* Begin PBXProject section */
		7D369F4F2937605A00FD8484 /* Project object */ = {
			isa = PBXProject;
			attributes = {
				BuildIndependentTargetsInParallel = 1;
				LastSwiftUpdateCheck = 1410;
				LastUpgradeCheck = 1410;
				TargetAttributes = {
					7D369F562937605A00FD8484 = {
						CreatedOnToolsVersion = 14.1;
					};
				};
			};
			buildConfigurationList = 7D369F522937605A00FD8484 /* Build configuration list for PBXProject "MyMeteo" */;
			compatibilityVersion = "Xcode 14.0";
			developmentRegion = en;
			hasScannedForEncodings = 0;
			knownRegions = (
				en,
				Base,
			);
			mainGroup = 7D369F4E2937605A00FD8484;
			productRefGroup = 7D369F582937605A00FD8484 /* Products */;
			projectDirPath = "";
			projectRoot = "";
			targets = (
				7D369F562937605A00FD8484 /* MyMeteo */,
			);
		};
/* End PBXProject section */

/* Begin PBXResourcesBuildPhase section */
		7D369F552937605A00FD8484 /* Resources */ = {
			isa = PBXResourcesBuildPhase;
			buildActionMask = 2147483647;
			files = (
				7D369F622937605B00FD8484 /* Preview Assets.xcassets in Resources */,
				7D369F5F2937605B00FD8484 /* Assets.xcassets in Resources */,
			);
			runOnlyForDeploymentPostprocessing = 0;
		};
/* End PBXResourcesBuildPhase section */

/* Begin PBXSourcesBuildPhase section */
		7D369F532937605A00FD8484 /* Sources */ = {
			isa = PBXSourcesBuildPhase;
			buildActionMask = 2147483647;
			files = (
				7D369F7229378FFE00FD8484 /* WeatherViewModel.swift in Sources */,
				7D369F74293A33E400FD8484 /* WeatherErrorType.swift in Sources */,
				7D369F6F293765C500FD8484 /* WeatherService.swift in Sources */,
				7D369F5D2937605A00FD8484 /* ContentView.swift in Sources */,
				7D369F6C2937652000FD8484 /* Weather.swift in Sources */,
				7D369F78293A38FC00FD8484 /* WeatherViewState.swift in Sources */,
				7D369F5B2937605A00FD8484 /* MyMeteoApp.swift in Sources */,
				7D369F76293A359000FD8484 /* WeatherError.swift in Sources */,
			);
			runOnlyForDeploymentPostprocessing = 0;
		};
/* End PBXSourcesBuildPhase section */

/* Begin XCBuildConfiguration section */
		7D369F632937605B00FD8484 /* Debug */ = {
			isa = XCBuildConfiguration;
			buildSettings = {
				ALWAYS_SEARCH_USER_PATHS = NO;
				CLANG_ANALYZER_NONNULL = YES;
				CLANG_ANALYZER_NUMBER_OBJECT_CONVERSION = YES_AGGRESSIVE;
				CLANG_CXX_LANGUAGE_STANDARD = "gnu++20";
				CLANG_ENABLE_MODULES = YES;
				CLANG_ENABLE_OBJC_ARC = YES;
				CLANG_ENABLE_OBJC_WEAK = YES;
				CLANG_WARN_BLOCK_CAPTURE_AUTORELEASING = YES;
				CLANG_WARN_BOOL_CONVERSION = YES;
				CLANG_WARN_COMMA = YES;
				CLANG_WARN_CONSTANT_CONVERSION = YES;
				CLANG_WARN_DEPRECATED_OBJC_IMPLEMENTATIONS = YES;
				CLANG_WARN_DIRECT_OBJC_ISA_USAGE = YES_ERROR;
				CLANG_WARN_DOCUMENTATION_COMMENTS = YES;
				CLANG_WARN_EMPTY_BODY = YES;
				CLANG_WARN_ENUM_CONVERSION = YES;
				CLANG_WARN_INFINITE_RECURSION = YES;
				CLANG_WARN_INT_CONVERSION = YES;
				CLANG_WARN_NON_LITERAL_NULL_CONVERSION = YES;
				CLANG_WARN_OBJC_IMPLICIT_RETAIN_SELF = YES;
				CLANG_WARN_OBJC_LITERAL_CONVERSION = YES;
				CLANG_WARN_OBJC_ROOT_CLASS = YES_ERROR;
				CLANG_WARN_QUOTED_INCLUDE_IN_FRAMEWORK_HEADER = YES;
				CLANG_WARN_RANGE_LOOP_ANALYSIS = YES;
				CLANG_WARN_STRICT_PROTOTYPES = YES;
				CLANG_WARN_SUSPICIOUS_MOVE = YES;
				CLANG_WARN_UNGUARDED_AVAILABILITY = YES_AGGRESSIVE;
				CLANG_WARN_UNREACHABLE_CODE = YES;
				CLANG_WARN__DUPLICATE_METHOD_MATCH = YES;
				COPY_PHASE_STRIP = NO;
				DEBUG_INFORMATION_FORMAT = dwarf;
				ENABLE_STRICT_OBJC_MSGSEND = YES;
				ENABLE_TESTABILITY = YES;
				GCC_C_LANGUAGE_STANDARD = gnu11;
				GCC_DYNAMIC_NO_PIC = NO;
				GCC_NO_COMMON_BLOCKS = YES;
				GCC_OPTIMIZATION_LEVEL = 0;
				GCC_PREPROCESSOR_DEFINITIONS = (
					"DEBUG=1",
					"$(inherited)",
				);
				GCC_WARN_64_TO_32_BIT_CONVERSION = YES;
				GCC_WARN_ABOUT_RETURN_TYPE = YES_ERROR;
				GCC_WARN_UNDECLARED_SELECTOR = YES;
				GCC_WARN_UNINITIALIZED_AUTOS = YES_AGGRESSIVE;
				GCC_WARN_UNUSED_FUNCTION = YES;
				GCC_WARN_UNUSED_VARIABLE = YES;
				IPHONEOS_DEPLOYMENT_TARGET = 16.1;
				MTL_ENABLE_DEBUG_INFO = INCLUDE_SOURCE;
				MTL_FAST_MATH = YES;
				ONLY_ACTIVE_ARCH = YES;
				SDKROOT = iphoneos;
				SWIFT_ACTIVE_COMPILATION_CONDITIONS = DEBUG;
				SWIFT_OPTIMIZATION_LEVEL = "-Onone";
			};
			name = Debug;
		};
		7D369F642937605B00FD8484 /* Release */ = {
			isa = XCBuildConfiguration;
			buildSettings = {
				ALWAYS_SEARCH_USER_PATHS = NO;
				CLANG_ANALYZER_NONNULL = YES;
				CLANG_ANALYZER_NUMBER_OBJECT_CONVERSION = YES_AGGRESSIVE;
				CLANG_CXX_LANGUAGE_STANDARD = "gnu++20";
				CLANG_ENABLE_MODULES = YES;
				CLANG_ENABLE_OBJC_ARC = YES;
				CLANG_ENABLE_OBJC_WEAK = YES;
				CLANG_WARN_BLOCK_CAPTURE_AUTORELEASING = YES;
				CLANG_WARN_BOOL_CONVERSION = YES;
				CLANG_WARN_COMMA = YES;
				CLANG_WARN_CONSTANT_CONVERSION = YES;
				CLANG_WARN_DEPRECATED_OBJC_IMPLEMENTATIONS = YES;
				CLANG_WARN_DIRECT_OBJC_ISA_USAGE = YES_ERROR;
				CLANG_WARN_DOCUMENTATION_COMMENTS = YES;
				CLANG_WARN_EMPTY_BODY = YES;
				CLANG_WARN_ENUM_CONVERSION = YES;
				CLANG_WARN_INFINITE_RECURSION = YES;
				CLANG_WARN_INT_CONVERSION = YES;
				CLANG_WARN_NON_LITERAL_NULL_CONVERSION = YES;
				CLANG_WARN_OBJC_IMPLICIT_RETAIN_SELF = YES;
				CLANG_WARN_OBJC_LITERAL_CONVERSION = YES;
				CLANG_WARN_OBJC_ROOT_CLASS = YES_ERROR;
				CLANG_WARN_QUOTED_INCLUDE_IN_FRAMEWORK_HEADER = YES;
				CLANG_WARN_RANGE_LOOP_ANALYSIS = YES;
				CLANG_WARN_STRICT_PROTOTYPES = YES;
				CLANG_WARN_SUSPICIOUS_MOVE = YES;
				CLANG_WARN_UNGUARDED_AVAILABILITY = YES_AGGRESSIVE;
				CLANG_WARN_UNREACHABLE_CODE = YES;
				CLANG_WARN__DUPLICATE_METHOD_MATCH = YES;
				COPY_PHASE_STRIP = NO;
				DEBUG_INFORMATION_FORMAT = "dwarf-with-dsym";
				ENABLE_NS_ASSERTIONS = NO;
				ENABLE_STRICT_OBJC_MSGSEND = YES;
				GCC_C_LANGUAGE_STANDARD = gnu11;
				GCC_NO_COMMON_BLOCKS = YES;
				GCC_WARN_64_TO_32_BIT_CONVERSION = YES;
				GCC_WARN_ABOUT_RETURN_TYPE = YES_ERROR;
				GCC_WARN_UNDECLARED_SELECTOR = YES;
				GCC_WARN_UNINITIALIZED_AUTOS = YES_AGGRESSIVE;
				GCC_WARN_UNUSED_FUNCTION = YES;
				GCC_WARN_UNUSED_VARIABLE = YES;
				IPHONEOS_DEPLOYMENT_TARGET = 16.1;
				MTL_ENABLE_DEBUG_INFO = NO;
				MTL_FAST_MATH = YES;
				SDKROOT = iphoneos;
				SWIFT_COMPILATION_MODE = wholemodule;
				SWIFT_OPTIMIZATION_LEVEL = "-O";
				VALIDATE_PRODUCT = YES;
			};
			name = Release;
		};
		7D369F662937605B00FD8484 /* Debug */ = {
			isa = XCBuildConfiguration;
			buildSettings = {
				ASSETCATALOG_COMPILER_APPICON_NAME = AppIcon;
				ASSETCATALOG_COMPILER_GLOBAL_ACCENT_COLOR_NAME = AccentColor;
				CODE_SIGN_STYLE = Automatic;
				CURRENT_PROJECT_VERSION = 1;
				DEVELOPMENT_ASSET_PATHS = "\"MyMeteo/Preview Content\"";
				DEVELOPMENT_TEAM = 2TYV22DC43;
				ENABLE_PREVIEWS = YES;
				GENERATE_INFOPLIST_FILE = YES;
				INFOPLIST_KEY_UIApplicationSceneManifest_Generation = YES;
				INFOPLIST_KEY_UIApplicationSupportsIndirectInputEvents = YES;
				INFOPLIST_KEY_UILaunchScreen_Generation = YES;
				INFOPLIST_KEY_UISupportedInterfaceOrientations_iPad = "UIInterfaceOrientationPortrait UIInterfaceOrientationPortraitUpsideDown UIInterfaceOrientationLandscapeLeft UIInterfaceOrientationLandscapeRight";
				INFOPLIST_KEY_UISupportedInterfaceOrientations_iPhone = "UIInterfaceOrientationPortrait UIInterfaceOrientationLandscapeLeft UIInterfaceOrientationLandscapeRight";
				LD_RUNPATH_SEARCH_PATHS = (
					"$(inherited)",
					"@executable_path/Frameworks",
				);
				MARKETING_VERSION = 1.0;
				PRODUCT_BUNDLE_IDENTIFIER = com.rafaelvideira.MyMeteo;
				PRODUCT_NAME = "$(TARGET_NAME)";
				SWIFT_EMIT_LOC_STRINGS = YES;
				SWIFT_VERSION = 5.0;
				TARGETED_DEVICE_FAMILY = "1,2";
			};
			name = Debug;
		};
		7D369F672937605B00FD8484 /* Release */ = {
			isa = XCBuildConfiguration;
			buildSettings = {
				ASSETCATALOG_COMPILER_APPICON_NAME = AppIcon;
				ASSETCATALOG_COMPILER_GLOBAL_ACCENT_COLOR_NAME = AccentColor;
				CODE_SIGN_STYLE = Automatic;
				CURRENT_PROJECT_VERSION = 1;
				DEVELOPMENT_ASSET_PATHS = "\"MyMeteo/Preview Content\"";
				DEVELOPMENT_TEAM = 2TYV22DC43;
				ENABLE_PREVIEWS = YES;
				GENERATE_INFOPLIST_FILE = YES;
				INFOPLIST_KEY_UIApplicationSceneManifest_Generation = YES;
				INFOPLIST_KEY_UIApplicationSupportsIndirectInputEvents = YES;
				INFOPLIST_KEY_UILaunchScreen_Generation = YES;
				INFOPLIST_KEY_UISupportedInterfaceOrientations_iPad = "UIInterfaceOrientationPortrait UIInterfaceOrientationPortraitUpsideDown UIInterfaceOrientationLandscapeLeft UIInterfaceOrientationLandscapeRight";
				INFOPLIST_KEY_UISupportedInterfaceOrientations_iPhone = "UIInterfaceOrientationPortrait UIInterfaceOrientationLandscapeLeft UIInterfaceOrientationLandscapeRight";
				LD_RUNPATH_SEARCH_PATHS = (
					"$(inherited)",
					"@executable_path/Frameworks",
				);
				MARKETING_VERSION = 1.0;
				PRODUCT_BUNDLE_IDENTIFIER = com.rafaelvideira.MyMeteo;
				PRODUCT_NAME = "$(TARGET_NAME)";
				SWIFT_EMIT_LOC_STRINGS = YES;
				SWIFT_VERSION = 5.0;
				TARGETED_DEVICE_FAMILY = "1,2";
			};
			name = Release;
		};
/* End XCBuildConfiguration section */

/* Begin XCConfigurationList section */
		7D369F522937605A00FD8484 /* Build configuration list for PBXProject "MyMeteo" */ = {
			isa = XCConfigurationList;
			buildConfigurations = (
				7D369F632937605B00FD8484 /* Debug */,
				7D369F642937605B00FD8484 /* Release */,
			);
			defaultConfigurationIsVisible = 0;
			defaultConfigurationName = Release;
		};
		7D369F652937605B00FD8484 /* Build configuration list for PBXNativeTarget "MyMeteo" */ = {
			isa = XCConfigurationList;
			buildConfigurations = (
				7D369F662937605B00FD8484 /* Debug */,
				7D369F672937605B00FD8484 /* Release */,
			);
			defaultConfigurationIsVisible = 0;
			defaultConfigurationName = Release;
		};
/* End XCConfigurationList section */
	};
	rootObject = 7D369F4F2937605A00FD8484 /* Project object */;
}
